{
    "_readme": [
        "This file locks the dependencies of your project to a known state",
        "Read more about it at https://getcomposer.org/doc/01-basic-usage.md#installing-dependencies",
        "This file is @generated automatically"
    ],
    "content-hash": "35ee6476623cb1d1baca6af680606c6a",
    "packages": [
        {
            "name": "elightup/slim-seo-common",
            "version": "dev-master",
            "source": {
                "type": "git",
                "url": "https://github.com/elightup/slim-seo-common.git",
                "reference": "aaa62ed5c9f2405cf0549caaab21e00e6e0be5a8"
            },
            "dist": {
                "type": "zip",
                "url": "https://api.github.com/repos/elightup/slim-seo-common/zipball/aaa62ed5c9f2405cf0549caaab21e00e6e0be5a8",
                "reference": "aaa62ed5c9f2405cf0549caaab21e00e6e0be5a8",
                "shasum": ""
            },
            "default-branch": true,
            "type": "library",
            "autoload": {
                "psr-4": {
                    "eLightUp\\SlimSEO\\Common\\": "src/"
                }
            },
            "notification-url": "https://packagist.org/downloads/",
            "license": [
                "GPL-2.0-or-later"
            ],
            "description": "Common code for Slim SEO plugins",
            "homepage": "https://wpslimseo.com",
            "support": {
                "issues": "https://github.com/elightup/slim-seo-common/issues",
                "source": "https://github.com/elightup/slim-seo-common/tree/master"
            },
            "time": "2025-12-09T09:41:33+00:00"
        },
        {
            "name": "elightup/slim-twig",
            "version": "dev-master",
            "source": {
                "type": "git",
                "url": "https://github.com/elightup/slim-twig.git",
                "reference": "72ed78e558406a6d9069802c89cb75b0802781bd"
            },
            "dist": {
                "type": "zip",
                "url": "https://api.github.com/repos/elightup/slim-twig/zipball/72ed78e558406a6d9069802c89cb75b0802781bd",
                "reference": "72ed78e558406a6d9069802c89cb75b0802781bd",
                "shasum": ""
            },
            "require-dev": {
                "phpunit/phpunit": "^11.2"
            },
            "default-branch": true,
            "type": "library",
            "autoload": {
                "psr-4": {
                    "SlimTwig\\": "src/"
                }
            },
            "notification-url": "https://packagist.org/downloads/",
            "support": {
                "issues": "https://github.com/elightup/slim-twig/issues",
                "source": "https://github.com/elightup/slim-twig/tree/master"
            },
            "time": "2025-12-06T01:50:30+00:00"
        }
    ],
    "packages-dev": [],
    "aliases": [],
    "minimum-stability": "stable",
    "stability-flags": {
        "elightup/slim-seo-common": 20,
        "elightup/slim-twig": 20
    },
    "prefer-stable": false,
    "prefer-lowest": false,
    "platform": {
        "php": ">=7.2"
    },
    "platform-dev": {},
    "plugin-api-version": "2.6.0"
}
