{
    "_readme": [
        "This file locks the dependencies of your project to a known state",
        "Read more about it at https://getcomposer.org/doc/01-basic-usage.md#installing-dependencies",
        "This file is @generated automatically"
    ],
    "content-hash": "22b2089a9ad06b3b423db439c0900d7f",
    "packages": [
        {
            "name": "elightup/slim-seo-common",
            "version": "dev-master",
            "source": {
                "type": "git",
                "url": "https://github.com/elightup/slim-seo-common.git",
                "reference": "5033b1bbc10f29f50de95d3c6574e0d863cdf2bf"
            },
            "dist": {
                "type": "zip",
                "url": "https://api.github.com/repos/elightup/slim-seo-common/zipball/5033b1bbc10f29f50de95d3c6574e0d863cdf2bf",
                "reference": "5033b1bbc10f29f50de95d3c6574e0d863cdf2bf",
                "shasum": ""
            },
            "default-branch": true,
            "type": "library",
            "autoload": {
                "psr-4": {
                    "eLightUp\\SlimSEO\\Common\\": "src/"
                }
            },
            "notification-url": "https://packagist.org/downloads/",
            "license": [
                "GPL-2.0-or-later"
            ],
            "description": "Common code for Slim SEO plugins",
            "homepage": "https://wpslimseo.com",
            "support": {
                "issues": "https://github.com/elightup/slim-seo-common/issues",
                "source": "https://github.com/elightup/slim-seo-common/tree/master"
            },
            "time": "2025-09-24T02:57:39+00:00"
        },
        {
            "name": "elightup/slim-twig",
            "version": "dev-master",
            "source": {
                "type": "git",
                "url": "https://github.com/elightup/slim-twig.git",
                "reference": "c5ced434e08cb5d29175d17718ecc4562165f8cb"
            },
            "dist": {
                "type": "zip",
                "url": "https://api.github.com/repos/elightup/slim-twig/zipball/c5ced434e08cb5d29175d17718ecc4562165f8cb",
                "reference": "c5ced434e08cb5d29175d17718ecc4562165f8cb",
                "shasum": ""
            },
            "require-dev": {
                "phpunit/phpunit": "^11.2"
            },
            "default-branch": true,
            "type": "library",
            "autoload": {
                "psr-4": {
                    "SlimTwig\\": "src/"
                }
            },
            "notification-url": "https://packagist.org/downloads/",
            "support": {
                "issues": "https://github.com/elightup/slim-twig/issues",
                "source": "https://github.com/elightup/slim-twig/tree/master"
            },
            "time": "2025-06-23T02:58:23+00:00"
        }
    ],
    "packages-dev": [],
    "aliases": [],
    "minimum-stability": "stable",
    "stability-flags": {
        "elightup/slim-seo-common": 20,
        "elightup/slim-twig": 20
    },
    "prefer-stable": false,
    "prefer-lowest": false,
    "platform": {
        "php": ">=7.2"
    },
    "platform-dev": {},
    "plugin-api-version": "2.6.0"
}
